
Microsoft Visual Studio Solution File, Format Version 12.00
# Visual Studio Version 17
VisualStudioVersion = 17.6.33801.468
MinimumVisualStudioVersion = 10.0.40219.1
Project("{FAE04EC0-301F-11D3-BF4B-00C04F79EFBC}") = "8_For_Loop", "8_For_Loop.csproj", "{7CFA9C74-BFAF-4118-88D8-1CAFDED67E14}"
EndProject
Global
	GlobalSection(SolutionConfigurationPlatforms) = preSolution
		Debug|Any CPU = Debug|Any CPU
		Release|Any CPU = Release|Any CPU
	EndGlobalSection
	GlobalSection(ProjectConfigurationPlatforms) = postSolution
		{7CFA9C74-BFAF-4118-88D8-1CAFDED67E14}.Debug|Any CPU.ActiveCfg = Debug|Any CPU
		{7CFA9C74-BFAF-4118-88D8-1CAFDED67E14}.Debug|Any CPU.Build.0 = Debug|Any CPU
		{7CFA9C74-BFAF-4118-88D8-1CAFDED67E14}.Release|Any CPU.ActiveCfg = Release|Any CPU
		{7CFA9C74-BFAF-4118-88D8-1CAFDED67E14}.Release|Any CPU.Build.0 = Release|Any CPU
	EndGlobalSection
	GlobalSection(SolutionProperties) = preSolution
		HideSolutionNode = FALSE
	EndGlobalSection
	GlobalSection(ExtensibilityGlobals) = postSolution
		SolutionGuid = {544A415E-4731-4EC7-8C41-8079DFF06D39}
	EndGlobalSection
EndGlobal
