
Microsoft Visual Studio Solution File, Format Version 12.00
# Visual Studio Version 17
VisualStudioVersion = 17.6.33801.468
MinimumVisualStudioVersion = 10.0.40219.1
Project("{FAE04EC0-301F-11D3-BF4B-00C04F79EFBC}") = "9_Strings", "9_Strings.csproj", "{132D099B-7D7A-46CF-8D2B-E8CDC3FC3B0E}"
EndProject
Global
	GlobalSection(SolutionConfigurationPlatforms) = preSolution
		Debug|Any CPU = Debug|Any CPU
		Release|Any CPU = Release|Any CPU
	EndGlobalSection
	GlobalSection(ProjectConfigurationPlatforms) = postSolution
		{132D099B-7D7A-46CF-8D2B-E8CDC3FC3B0E}.Debug|Any CPU.ActiveCfg = Debug|Any CPU
		{132D099B-7D7A-46CF-8D2B-E8CDC3FC3B0E}.Debug|Any CPU.Build.0 = Debug|Any CPU
		{132D099B-7D7A-46CF-8D2B-E8CDC3FC3B0E}.Release|Any CPU.ActiveCfg = Release|Any CPU
		{132D099B-7D7A-46CF-8D2B-E8CDC3FC3B0E}.Release|Any CPU.Build.0 = Release|Any CPU
	EndGlobalSection
	GlobalSection(SolutionProperties) = preSolution
		HideSolutionNode = FALSE
	EndGlobalSection
	GlobalSection(ExtensibilityGlobals) = postSolution
		SolutionGuid = {0F9736A2-CEB8-4292-BB71-61DE3EE3EBD4}
	EndGlobalSection
EndGlobal
